// !$*UTF8*$!
{
	archiveVersion = 1;
	classes = {
	};
	objectVersion = 48;
	objects = {

/* Begin PBXBuildFile section */
		2200706E1F5FF20400094731 /* LaunchScreen.storyboard in Resources */ = {isa = PBXBuildFile; fileRef = 222A07331F5FF123003B9051 /* LaunchScreen.storyboard */; };
		220070701F5FF20600094731 /* Assets.xcassets in Resources */ = {isa = PBXBuildFile; fileRef = 222A07321F5FF123003B9051 /* Assets.xcassets */; };
		220070721F5FF21F00094731 /* AppDelegate.swift in Sources */ = {isa = PBXBuildFile; fileRef = 222A07311F5FF123003B9051 /* AppDelegate.swift */; };
		220070731F5FF22000094731 /* DrawCanvasView.swift in Sources */ = {isa = PBXBuildFile; fileRef = 222A072E1F5FF123003B9051 /* DrawCanvasView.swift */; };
		220070741F5FF22200094731 /* DrawStroke.swift in Sources */ = {isa = PBXBuildFile; fileRef = 222A072F1F5FF123003B9051 /* DrawStroke.swift */; };
		2229C70B1F6027CD009682A7 /* RealmDrawStroke.swift in Sources */ = {isa = PBXBuildFile; fileRef = 2229C70A1F6027CD009682A7 /* RealmDrawStroke.swift */; };
		2229C70D1F602B37009682A7 /* RealmDrawPoint.swift in Sources */ = {isa = PBXBuildFile; fileRef = 2229C70C1F602B37009682A7 /* RealmDrawPoint.swift */; };
		2229C70F1F605659009682A7 /* DrawViewController.swift in Sources */ = {isa = PBXBuildFile; fileRef = 2229C70E1F605659009682A7 /* DrawViewController.swift */; };
		2229C7111F606259009682A7 /* UIColor+HexString.swift in Sources */ = {isa = PBXBuildFile; fileRef = 2229C7101F606259009682A7 /* UIColor+HexString.swift */; };
		22DCDB821F61234A00AD5F7F /* RealmDrawCanvas.swift in Sources */ = {isa = PBXBuildFile; fileRef = 2229C7091F602704009682A7 /* RealmDrawCanvas.swift */; };
		3FC1A61F68F9100F77049D1A /* Pods_RealmDrawKitExample.framework in Frameworks */ = {isa = PBXBuildFile; fileRef = B7916E403899BDD344F34F9F /* Pods_RealmDrawKitExample.framework */; };
/* End PBXBuildFile section */

/* Begin PBXFileReference section */
		2229C7091F602704009682A7 /* RealmDrawCanvas.swift */ = {isa = PBXFileReference; lastKnownFileType = sourcecode.swift; path = RealmDrawCanvas.swift; sourceTree = "<group>"; };
		2229C70A1F6027CD009682A7 /* RealmDrawStroke.swift */ = {isa = PBXFileReference; lastKnownFileType = sourcecode.swift; path = RealmDrawStroke.swift; sourceTree = "<group>"; };
		2229C70C1F602B37009682A7 /* RealmDrawPoint.swift */ = {isa = PBXFileReference; lastKnownFileType = sourcecode.swift; path = RealmDrawPoint.swift; sourceTree = "<group>"; };
		2229C70E1F605659009682A7 /* DrawViewController.swift */ = {isa = PBXFileReference; lastKnownFileType = sourcecode.swift; path = DrawViewController.swift; sourceTree = "<group>"; };
		2229C7101F606259009682A7 /* UIColor+HexString.swift */ = {isa = PBXFileReference; lastKnownFileType = sourcecode.swift; path = "UIColor+HexString.swift"; sourceTree = "<group>"; };
		222A072E1F5FF123003B9051 /* DrawCanvasView.swift */ = {isa = PBXFileReference; lastKnownFileType = sourcecode.swift; path = DrawCanvasView.swift; sourceTree = "<group>"; };
		222A072F1F5FF123003B9051 /* DrawStroke.swift */ = {isa = PBXFileReference; lastKnownFileType = sourcecode.swift; path = DrawStroke.swift; sourceTree = "<group>"; };
		222A07311F5FF123003B9051 /* AppDelegate.swift */ = {isa = PBXFileReference; lastKnownFileType = sourcecode.swift; path = AppDelegate.swift; sourceTree = "<group>"; };
		222A07321F5FF123003B9051 /* Assets.xcassets */ = {isa = PBXFileReference; lastKnownFileType = folder.assetcatalog; path = Assets.xcassets; sourceTree = "<group>"; };
		222A07341F5FF123003B9051 /* Base */ = {isa = PBXFileReference; lastKnownFileType = file.storyboard; name = Base; path = Base.lproj/LaunchScreen.storyboard; sourceTree = "<group>"; };
		222A07371F5FF123003B9051 /* Info.plist */ = {isa = PBXFileReference; lastKnownFileType = text.plist.xml; path = Info.plist; sourceTree = "<group>"; };
		22A4193E1F5EB4F8006F179E /* RealmDrawKitExample.app */ = {isa = PBXFileReference; explicitFileType = wrapper.application; includeInIndex = 0; path = RealmDrawKitExample.app; sourceTree = BUILT_PRODUCTS_DIR; };
		AE370852AC3AB7BF6D0CB9B5 /* Pods-RealmDrawKitExample.debug.xcconfig */ = {isa = PBXFileReference; includeInIndex = 1; lastKnownFileType = text.xcconfig; name = "Pods-RealmDrawKitExample.debug.xcconfig"; path = "Pods/Target Support Files/Pods-RealmDrawKitExample/Pods-RealmDrawKitExample.debug.xcconfig"; sourceTree = "<group>"; };
		B7916E403899BDD344F34F9F /* Pods_RealmDrawKitExample.framework */ = {isa = PBXFileReference; explicitFileType = wrapper.framework; includeInIndex = 0; path = Pods_RealmDrawKitExample.framework; sourceTree = BUILT_PRODUCTS_DIR; };
		EBFC600BA6D641CBB2E38950 /* Pods-RealmDrawKitExample.release.xcconfig */ = {isa = PBXFileReference; includeInIndex = 1; lastKnownFileType = text.xcconfig; name = "Pods-RealmDrawKitExample.release.xcconfig"; path = "Pods/Target Support Files/Pods-RealmDrawKitExample/Pods-RealmDrawKitExample.release.xcconfig"; sourceTree = "<group>"; };
/* End PBXFileReference section */

/* Begin PBXFrameworksBuildPhase section */
		22A4193B1F5EB4F8006F179E /* Frameworks */ = {
			isa = PBXFrameworksBuildPhase;
			buildActionMask = 2147483647;
			files = (
				3FC1A61F68F9100F77049D1A /* Pods_RealmDrawKitExample.framework in Frameworks */,
			);
			runOnlyForDeploymentPostprocessing = 0;
		};
/* End PBXFrameworksBuildPhase section */

/* Begin PBXGroup section */
		2229C7081F602704009682A7 /* RealmModels */ = {
			isa = PBXGroup;
			children = (
				2229C7091F602704009682A7 /* RealmDrawCanvas.swift */,
				2229C70A1F6027CD009682A7 /* RealmDrawStroke.swift */,
				2229C70C1F602B37009682A7 /* RealmDrawPoint.swift */,
			);
			path = RealmModels;
			sourceTree = "<group>";
		};
		222A072D1F5FF123003B9051 /* RealmDrawKit */ = {
			isa = PBXGroup;
			children = (
				2229C7081F602704009682A7 /* RealmModels */,
				222A072E1F5FF123003B9051 /* DrawCanvasView.swift */,
				222A072F1F5FF123003B9051 /* DrawStroke.swift */,
				2229C70E1F605659009682A7 /* DrawViewController.swift */,
				2229C7101F606259009682A7 /* UIColor+HexString.swift */,
			);
			path = RealmDrawKit;
			sourceTree = "<group>";
		};
		222A07301F5FF123003B9051 /* RealmDrawKitExample */ = {
			isa = PBXGroup;
			children = (
				222A07311F5FF123003B9051 /* AppDelegate.swift */,
				222A07321F5FF123003B9051 /* Assets.xcassets */,
				222A07331F5FF123003B9051 /* LaunchScreen.storyboard */,
				222A07371F5FF123003B9051 /* Info.plist */,
			);
			path = RealmDrawKitExample;
			sourceTree = "<group>";
		};
		22A419351F5EB4F8006F179E = {
			isa = PBXGroup;
			children = (
				222A072D1F5FF123003B9051 /* RealmDrawKit */,
				222A07301F5FF123003B9051 /* RealmDrawKitExample */,
				22A4193F1F5EB4F8006F179E /* Products */,
				B8AF132A2A405F7385DB83FE /* Pods */,
				F852F097BCE9EEE37CE4C6DD /* Frameworks */,
			);
			sourceTree = "<group>";
		};
		22A4193F1F5EB4F8006F179E /* Products */ = {
			isa = PBXGroup;
			children = (
				22A4193E1F5EB4F8006F179E /* RealmDrawKitExample.app */,
			);
			name = Products;
			sourceTree = "<group>";
		};
		B8AF132A2A405F7385DB83FE /* Pods */ = {
			isa = PBXGroup;
			children = (
				AE370852AC3AB7BF6D0CB9B5 /* Pods-RealmDrawKitExample.debug.xcconfig */,
				EBFC600BA6D641CBB2E38950 /* Pods-RealmDrawKitExample.release.xcconfig */,
			);
			name = Pods;
			sourceTree = "<group>";
		};
		F852F097BCE9EEE37CE4C6DD /* Frameworks */ = {
			isa = PBXGroup;
			children = (
				B7916E403899BDD344F34F9F /* Pods_RealmDrawKitExample.framework */,
			);
			name = Frameworks;
			sourceTree = "<group>";
		};
/* End PBXGroup section */

/* Begin PBXNativeTarget section */
		22A4193D1F5EB4F8006F179E /* RealmDrawKitExample */ = {
			isa = PBXNativeTarget;
			buildConfigurationList = 22A419501F5EB4F8006F179E /* Build configuration list for PBXNativeTarget "RealmDrawKitExample" */;
			buildPhases = (
				AC966BDA14E6F97BCE83BCC2 /* [CP] Check Pods Manifest.lock */,
				22A4193A1F5EB4F8006F179E /* Sources */,
				22A4193B1F5EB4F8006F179E /* Frameworks */,
				22A4193C1F5EB4F8006F179E /* Resources */,
				B7CC21DE5A1513055173DA0A /* [CP] Embed Pods Frameworks */,
				FB9D4EF86222603A84B83E11 /* [CP] Copy Pods Resources */,
			);
			buildRules = (
			);
			dependencies = (
			);
			name = RealmDrawKitExample;
			productName = RealmDrawCanvasExample;
			productReference = 22A4193E1F5EB4F8006F179E /* RealmDrawKitExample.app */;
			productType = "com.apple.product-type.application";
		};
/* End PBXNativeTarget section */

/* Begin PBXProject section */
		22A419361F5EB4F8006F179E /* Project object */ = {
			isa = PBXProject;
			attributes = {
				LastSwiftUpdateCheck = 0900;
				LastUpgradeCheck = 0900;
				ORGANIZATIONNAME = Realm;
				TargetAttributes = {
					22A4193D1F5EB4F8006F179E = {
						CreatedOnToolsVersion = 9.0;
						ProvisioningStyle = Automatic;
					};
				};
			};
			buildConfigurationList = 22A419391F5EB4F8006F179E /* Build configuration list for PBXProject "RealmDrawKitExample" */;
			compatibilityVersion = "Xcode 8.0";
			developmentRegion = en;
			hasScannedForEncodings = 0;
			knownRegions = (
				en,
				Base,
			);
			mainGroup = 22A419351F5EB4F8006F179E;
			productRefGroup = 22A4193F1F5EB4F8006F179E /* Products */;
			projectDirPath = "";
			projectRoot = "";
			targets = (
				22A4193D1F5EB4F8006F179E /* RealmDrawKitExample */,
			);
		};
/* End PBXProject section */

/* Begin PBXResourcesBuildPhase section */
		22A4193C1F5EB4F8006F179E /* Resources */ = {
			isa = PBXResourcesBuildPhase;
			buildActionMask = 2147483647;
			files = (
				2200706E1F5FF20400094731 /* LaunchScreen.storyboard in Resources */,
				220070701F5FF20600094731 /* Assets.xcassets in Resources */,
			);
			runOnlyForDeploymentPostprocessing = 0;
		};
/* End PBXResourcesBuildPhase section */

/* Begin PBXShellScriptBuildPhase section */
		AC966BDA14E6F97BCE83BCC2 /* [CP] Check Pods Manifest.lock */ = {
			isa = PBXShellScriptBuildPhase;
			buildActionMask = 2147483647;
			files = (
			);
			inputPaths = (
				"${PODS_PODFILE_DIR_PATH}/Podfile.lock",
				"${PODS_ROOT}/Manifest.lock",
			);
			name = "[CP] Check Pods Manifest.lock";
			outputPaths = (
				"$(DERIVED_FILE_DIR)/Pods-RealmDrawKitExample-checkManifestLockResult.txt",
			);
			runOnlyForDeploymentPostprocessing = 0;
			shellPath = /bin/sh;
			shellScript = "diff \"${PODS_PODFILE_DIR_PATH}/Podfile.lock\" \"${PODS_ROOT}/Manifest.lock\" > /dev/null\nif [ $? != 0 ] ; then\n    # print error to STDERR\n    echo \"error: The sandbox is not in sync with the Podfile.lock. Run 'pod install' or update your CocoaPods installation.\" >&2\n    exit 1\nfi\n# This output is used by Xcode 'outputs' to avoid re-running this script phase.\necho \"SUCCESS\" > \"${SCRIPT_OUTPUT_FILE_0}\"\n";
			showEnvVarsInLog = 0;
		};
		B7CC21DE5A1513055173DA0A /* [CP] Embed Pods Frameworks */ = {
			isa = PBXShellScriptBuildPhase;
			buildActionMask = 2147483647;
			files = (
			);
			inputPaths = (
				"${SRCROOT}/Pods/Target Support Files/Pods-RealmDrawKitExample/Pods-RealmDrawKitExample-frameworks.sh",
				"${BUILT_PRODUCTS_DIR}/Realm/Realm.framework",
				"${BUILT_PRODUCTS_DIR}/RealmLoginKit/RealmLoginKit.framework",
				"${BUILT_PRODUCTS_DIR}/RealmSwift/RealmSwift.framework",
				"${BUILT_PRODUCTS_DIR}/TORoundedTableView/TORoundedTableView.framework",
			);
			name = "[CP] Embed Pods Frameworks";
			outputPaths = (
				"${TARGET_BUILD_DIR}/${FRAMEWORKS_FOLDER_PATH}/Realm.framework",
				"${TARGET_BUILD_DIR}/${FRAMEWORKS_FOLDER_PATH}/RealmLoginKit.framework",
				"${TARGET_BUILD_DIR}/${FRAMEWORKS_FOLDER_PATH}/RealmSwift.framework",
				"${TARGET_BUILD_DIR}/${FRAMEWORKS_FOLDER_PATH}/TORoundedTableView.framework",
			);
			runOnlyForDeploymentPostprocessing = 0;
			shellPath = /bin/sh;
			shellScript = "\"${SRCROOT}/Pods/Target Support Files/Pods-RealmDrawKitExample/Pods-RealmDrawKitExample-frameworks.sh\"\n";
			showEnvVarsInLog = 0;
		};
		FB9D4EF86222603A84B83E11 /* [CP] Copy Pods Resources */ = {
			isa = PBXShellScriptBuildPhase;
			buildActionMask = 2147483647;
			files = (
			);
			inputPaths = (
			);
			name = "[CP] Copy Pods Resources";
			outputPaths = (
			);
			runOnlyForDeploymentPostprocessing = 0;
			shellPath = /bin/sh;
			shellScript = "\"${SRCROOT}/Pods/Target Support Files/Pods-RealmDrawKitExample/Pods-RealmDrawKitExample-resources.sh\"\n";
			showEnvVarsInLog = 0;
		};
/* End PBXShellScriptBuildPhase section */

/* Begin PBXSourcesBuildPhase section */
		22A4193A1F5EB4F8006F179E /* Sources */ = {
			isa = PBXSourcesBuildPhase;
			buildActionMask = 2147483647;
			files = (
				2229C70D1F602B37009682A7 /* RealmDrawPoint.swift in Sources */,
				2229C70B1F6027CD009682A7 /* RealmDrawStroke.swift in Sources */,
				220070731F5FF22000094731 /* DrawCanvasView.swift in Sources */,
				22DCDB821F61234A00AD5F7F /* RealmDrawCanvas.swift in Sources */,
				220070721F5FF21F00094731 /* AppDelegate.swift in Sources */,
				2229C70F1F605659009682A7 /* DrawViewController.swift in Sources */,
				220070741F5FF22200094731 /* DrawStroke.swift in Sources */,
				2229C7111F606259009682A7 /* UIColor+HexString.swift in Sources */,
			);
			runOnlyForDeploymentPostprocessing = 0;
		};
/* End PBXSourcesBuildPhase section */

/* Begin PBXVariantGroup section */
		222A07331F5FF123003B9051 /* LaunchScreen.storyboard */ = {
			isa = PBXVariantGroup;
			children = (
				222A07341F5FF123003B9051 /* Base */,
			);
			name = LaunchScreen.storyboard;
			sourceTree = "<group>";
		};
/* End PBXVariantGroup section */

/* Begin XCBuildConfiguration section */
		22A4194E1F5EB4F8006F179E /* Debug */ = {
			isa = XCBuildConfiguration;
			buildSettings = {
				ALWAYS_SEARCH_USER_PATHS = NO;
				CLANG_ANALYZER_NONNULL = YES;
				CLANG_ANALYZER_NUMBER_OBJECT_CONVERSION = YES_AGGRESSIVE;
				CLANG_CXX_LANGUAGE_STANDARD = "gnu++14";
				CLANG_CXX_LIBRARY = "libc++";
				CLANG_ENABLE_MODULES = YES;
				CLANG_ENABLE_OBJC_ARC = YES;
				CLANG_WARN_BLOCK_CAPTURE_AUTORELEASING = YES;
				CLANG_WARN_BOOL_CONVERSION = YES;
				CLANG_WARN_COMMA = YES;
				CLANG_WARN_CONSTANT_CONVERSION = YES;
				CLANG_WARN_DIRECT_OBJC_ISA_USAGE = YES_ERROR;
				CLANG_WARN_DOCUMENTATION_COMMENTS = YES;
				CLANG_WARN_EMPTY_BODY = YES;
				CLANG_WARN_ENUM_CONVERSION = YES;
				CLANG_WARN_INFINITE_RECURSION = YES;
				CLANG_WARN_INT_CONVERSION = YES;
				CLANG_WARN_NON_LITERAL_NULL_CONVERSION = YES;
				CLANG_WARN_OBJC_LITERAL_CONVERSION = YES;
				CLANG_WARN_OBJC_ROOT_CLASS = YES_ERROR;
				CLANG_WARN_RANGE_LOOP_ANALYSIS = YES;
				CLANG_WARN_STRICT_PROTOTYPES = YES;
				CLANG_WARN_SUSPICIOUS_MOVE = YES;
				CLANG_WARN_UNGUARDED_AVAILABILITY = YES_AGGRESSIVE;
				CLANG_WARN_UNREACHABLE_CODE = YES;
				CLANG_WARN__DUPLICATE_METHOD_MATCH = YES;
				CODE_SIGN_IDENTITY = "iPhone Developer";
				COPY_PHASE_STRIP = NO;
				DEBUG_INFORMATION_FORMAT = dwarf;
				ENABLE_STRICT_OBJC_MSGSEND = YES;
				ENABLE_TESTABILITY = YES;
				GCC_C_LANGUAGE_STANDARD = gnu11;
				GCC_DYNAMIC_NO_PIC = NO;
				GCC_NO_COMMON_BLOCKS = YES;
				GCC_OPTIMIZATION_LEVEL = 0;
				GCC_PREPROCESSOR_DEFINITIONS = (
					"DEBUG=1",
					"$(inherited)",
				);
				GCC_WARN_64_TO_32_BIT_CONVERSION = YES;
				GCC_WARN_ABOUT_RETURN_TYPE = YES_ERROR;
				GCC_WARN_UNDECLARED_SELECTOR = YES;
				GCC_WARN_UNINITIALIZED_AUTOS = YES_AGGRESSIVE;
				GCC_WARN_UNUSED_FUNCTION = YES;
				GCC_WARN_UNUSED_VARIABLE = YES;
				IPHONEOS_DEPLOYMENT_TARGET = 10.0;
				MTL_ENABLE_DEBUG_INFO = YES;
				ONLY_ACTIVE_ARCH = YES;
				SDKROOT = iphoneos;
				SWIFT_ACTIVE_COMPILATION_CONDITIONS = DEBUG;
				SWIFT_OPTIMIZATION_LEVEL = "-Onone";
			};
			name = Debug;
		};
		22A4194F1F5EB4F8006F179E /* Release */ = {
			isa = XCBuildConfiguration;
			buildSettings = {
				ALWAYS_SEARCH_USER_PATHS = NO;
				CLANG_ANALYZER_NONNULL = YES;
				CLANG_ANALYZER_NUMBER_OBJECT_CONVERSION = YES_AGGRESSIVE;
				CLANG_CXX_LANGUAGE_STANDARD = "gnu++14";
				CLANG_CXX_LIBRARY = "libc++";
				CLANG_ENABLE_MODULES = YES;
				CLANG_ENABLE_OBJC_ARC = YES;
				CLANG_WARN_BLOCK_CAPTURE_AUTORELEASING = YES;
				CLANG_WARN_BOOL_CONVERSION = YES;
				CLANG_WARN_COMMA = YES;
				CLANG_WARN_CONSTANT_CONVERSION = YES;
				CLANG_WARN_DIRECT_OBJC_ISA_USAGE = YES_ERROR;
				CLANG_WARN_DOCUMENTATION_COMMENTS = YES;
				CLANG_WARN_EMPTY_BODY = YES;
				CLANG_WARN_ENUM_CONVERSION = YES;
				CLANG_WARN_INFINITE_RECURSION = YES;
				CLANG_WARN_INT_CONVERSION = YES;
				CLANG_WARN_NON_LITERAL_NULL_CONVERSION = YES;
				CLANG_WARN_OBJC_LITERAL_CONVERSION = YES;
				CLANG_WARN_OBJC_ROOT_CLASS = YES_ERROR;
				CLANG_WARN_RANGE_LOOP_ANALYSIS = YES;
				CLANG_WARN_STRICT_PROTOTYPES = YES;
				CLANG_WARN_SUSPICIOUS_MOVE = YES;
				CLANG_WARN_UNGUARDED_AVAILABILITY = YES_AGGRESSIVE;
				CLANG_WARN_UNREACHABLE_CODE = YES;
				CLANG_WARN__DUPLICATE_METHOD_MATCH = YES;
				CODE_SIGN_IDENTITY = "iPhone Developer";
				COPY_PHASE_STRIP = NO;
				DEBUG_INFORMATION_FORMAT = "dwarf-with-dsym";
				ENABLE_NS_ASSERTIONS = NO;
				ENABLE_STRICT_OBJC_MSGSEND = YES;
				GCC_C_LANGUAGE_STANDARD = gnu11;
				GCC_NO_COMMON_BLOCKS = YES;
				GCC_WARN_64_TO_32_BIT_CONVERSION = YES;
				GCC_WARN_ABOUT_RETURN_TYPE = YES_ERROR;
				GCC_WARN_UNDECLARED_SELECTOR = YES;
				GCC_WARN_UNINITIALIZED_AUTOS = YES_AGGRESSIVE;
				GCC_WARN_UNUSED_FUNCTION = YES;
				GCC_WARN_UNUSED_VARIABLE = YES;
				IPHONEOS_DEPLOYMENT_TARGET = 10.0;
				MTL_ENABLE_DEBUG_INFO = NO;
				SDKROOT = iphoneos;
				SWIFT_OPTIMIZATION_LEVEL = "-Owholemodule";
				VALIDATE_PRODUCT = YES;
			};
			name = Release;
		};
		22A419511F5EB4F8006F179E /* Debug */ = {
			isa = XCBuildConfiguration;
			baseConfigurationReference = AE370852AC3AB7BF6D0CB9B5 /* Pods-RealmDrawKitExample.debug.xcconfig */;
			buildSettings = {
				ASSETCATALOG_COMPILER_APPICON_NAME = AppIcon;
				CODE_SIGN_STYLE = Automatic;
				DEVELOPMENT_TEAM = 6LF3GMKZAB;
				INFOPLIST_FILE = "$(SRCROOT)/RealmDrawKitExample/Info.plist";
				IPHONEOS_DEPLOYMENT_TARGET = 10.0;
				LD_RUNPATH_SEARCH_PATHS = "$(inherited) @executable_path/Frameworks";
				PRODUCT_BUNDLE_IDENTIFIER = io.realm.RealmDrawKitExample;
				PRODUCT_NAME = "$(TARGET_NAME)";
				SWIFT_VERSION = 4.0;
				TARGETED_DEVICE_FAMILY = "1,2";
			};
			name = Debug;
		};
		22A419521F5EB4F8006F179E /* Release */ = {
			isa = XCBuildConfiguration;
			baseConfigurationReference = EBFC600BA6D641CBB2E38950 /* Pods-RealmDrawKitExample.release.xcconfig */;
			buildSettings = {
				ASSETCATALOG_COMPILER_APPICON_NAME = AppIcon;
				CODE_SIGN_STYLE = Automatic;
				DEVELOPMENT_TEAM = 6LF3GMKZAB;
				INFOPLIST_FILE = "$(SRCROOT)/RealmDrawKitExample/Info.plist";
				IPHONEOS_DEPLOYMENT_TARGET = 10.0;
				LD_RUNPATH_SEARCH_PATHS = "$(inherited) @executable_path/Frameworks";
				PRODUCT_BUNDLE_IDENTIFIER = io.realm.RealmDrawKitExample;
				PRODUCT_NAME = "$(TARGET_NAME)";
				SWIFT_VERSION = 4.0;
				TARGETED_DEVICE_FAMILY = "1,2";
			};
			name = Release;
		};
/* End XCBuildConfiguration section */

/* Begin XCConfigurationList section */
		22A419391F5EB4F8006F179E /* Build configuration list for PBXProject "RealmDrawKitExample" */ = {
			isa = XCConfigurationList;
			buildConfigurations = (
				22A4194E1F5EB4F8006F179E /* Debug */,
				22A4194F1F5EB4F8006F179E /* Release */,
			);
			defaultConfigurationIsVisible = 0;
			defaultConfigurationName = Release;
		};
		22A419501F5EB4F8006F179E /* Build configuration list for PBXNativeTarget "RealmDrawKitExample" */ = {
			isa = XCConfigurationList;
			buildConfigurations = (
				22A419511F5EB4F8006F179E /* Debug */,
				22A419521F5EB4F8006F179E /* Release */,
			);
			defaultConfigurationIsVisible = 0;
			defaultConfigurationName = Release;
		};
/* End XCConfigurationList section */
	};
	rootObject = 22A419361F5EB4F8006F179E /* Project object */;
}
